// !$*UTF8*$!
{
	archiveVersion = 1;
	classes = {
	};
	objectVersion = 55;
	objects = {

/* Begin PBXBuildFile section */
		BF4A486E285F9F50002D32DF /* CustomTextField.swift in Sources */ = {isa = PBXBuildFile; fileRef = BF4A486D285F9F50002D32DF /* CustomTextField.swift */; };
		BF4A4871285FA35F002D32DF /* EmailTextField.swift in Sources */ = {isa = PBXBuildFile; fileRef = BF4A4870285FA35F002D32DF /* EmailTextField.swift */; };
		BF4A4873285FA7D6002D32DF /* CustomSecuredField.swift in Sources */ = {isa = PBXBuildFile; fileRef = BF4A4872285FA7D6002D32DF /* CustomSecuredField.swift */; };
		BF4A4875285FA945002D32DF /* PasswordSecureField.swift in Sources */ = {isa = PBXBuildFile; fileRef = BF4A4874285FA945002D32DF /* PasswordSecureField.swift */; };
		BF6BA953285F92E900ECA2BD /* AllDoneApp.swift in Sources */ = {isa = PBXBuildFile; fileRef = BF6BA952285F92E900ECA2BD /* AllDoneApp.swift */; };
		BF6BA955285F92E900ECA2BD /* ContentView.swift in Sources */ = {isa = PBXBuildFile; fileRef = BF6BA954285F92E900ECA2BD /* ContentView.swift */; };
		BF6BA957285F92EA00ECA2BD /* Assets.xcassets in Resources */ = {isa = PBXBuildFile; fileRef = BF6BA956285F92EA00ECA2BD /* Assets.xcassets */; };
		BF6BA95A285F92EA00ECA2BD /* Preview Assets.xcassets in Resources */ = {isa = PBXBuildFile; fileRef = BF6BA959285F92EA00ECA2BD /* Preview Assets.xcassets */; };
		BF6BA964285F988300ECA2BD /* LoginView.swift in Sources */ = {isa = PBXBuildFile; fileRef = BF6BA963285F988300ECA2BD /* LoginView.swift */; };
		BF6BA968285F992E00ECA2BD /* SignupView.swift in Sources */ = {isa = PBXBuildFile; fileRef = BF6BA967285F992E00ECA2BD /* SignupView.swift */; };
		BF6BA96A285F9A1500ECA2BD /* BackgroudGradientView.swift in Sources */ = {isa = PBXBuildFile; fileRef = BF6BA969285F9A1500ECA2BD /* BackgroudGradientView.swift */; };
		BF6BA96C285F9C8200ECA2BD /* LogoView.swift in Sources */ = {isa = PBXBuildFile; fileRef = BF6BA96B285F9C8200ECA2BD /* LogoView.swift */; };
/* End PBXBuildFile section */

/* Begin PBXFileReference section */
		BF4A486D285F9F50002D32DF /* CustomTextField.swift */ = {isa = PBXFileReference; lastKnownFileType = sourcecode.swift; path = CustomTextField.swift; sourceTree = "<group>"; };
		BF4A4870285FA35F002D32DF /* EmailTextField.swift */ = {isa = PBXFileReference; lastKnownFileType = sourcecode.swift; path = EmailTextField.swift; sourceTree = "<group>"; };
		BF4A4872285FA7D6002D32DF /* CustomSecuredField.swift */ = {isa = PBXFileReference; lastKnownFileType = sourcecode.swift; path = CustomSecuredField.swift; sourceTree = "<group>"; };
		BF4A4874285FA945002D32DF /* PasswordSecureField.swift */ = {isa = PBXFileReference; lastKnownFileType = sourcecode.swift; path = PasswordSecureField.swift; sourceTree = "<group>"; };
		BF6BA94F285F92E900ECA2BD /* AllDone.app */ = {isa = PBXFileReference; explicitFileType = wrapper.application; includeInIndex = 0; path = AllDone.app; sourceTree = BUILT_PRODUCTS_DIR; };
		BF6BA952285F92E900ECA2BD /* AllDoneApp.swift */ = {isa = PBXFileReference; lastKnownFileType = sourcecode.swift; path = AllDoneApp.swift; sourceTree = "<group>"; };
		BF6BA954285F92E900ECA2BD /* ContentView.swift */ = {isa = PBXFileReference; lastKnownFileType = sourcecode.swift; path = ContentView.swift; sourceTree = "<group>"; };
		BF6BA956285F92EA00ECA2BD /* Assets.xcassets */ = {isa = PBXFileReference; lastKnownFileType = folder.assetcatalog; path = Assets.xcassets; sourceTree = "<group>"; };
		BF6BA959285F92EA00ECA2BD /* Preview Assets.xcassets */ = {isa = PBXFileReference; lastKnownFileType = folder.assetcatalog; path = "Preview Assets.xcassets"; sourceTree = "<group>"; };
		BF6BA963285F988300ECA2BD /* LoginView.swift */ = {isa = PBXFileReference; lastKnownFileType = sourcecode.swift; path = LoginView.swift; sourceTree = "<group>"; };
		BF6BA967285F992E00ECA2BD /* SignupView.swift */ = {isa = PBXFileReference; lastKnownFileType = sourcecode.swift; path = SignupView.swift; sourceTree = "<group>"; };
		BF6BA969285F9A1500ECA2BD /* BackgroudGradientView.swift */ = {isa = PBXFileReference; lastKnownFileType = sourcecode.swift; path = BackgroudGradientView.swift; sourceTree = "<group>"; };
		BF6BA96B285F9C8200ECA2BD /* LogoView.swift */ = {isa = PBXFileReference; lastKnownFileType = sourcecode.swift; path = LogoView.swift; sourceTree = "<group>"; };
/* End PBXFileReference section */

/* Begin PBXFrameworksBuildPhase section */
		BF6BA94C285F92E900ECA2BD /* Frameworks */ = {
			isa = PBXFrameworksBuildPhase;
			buildActionMask = 2147483647;
			files = (
			);
			runOnlyForDeploymentPostprocessing = 0;
		};
/* End PBXFrameworksBuildPhase section */

/* Begin PBXGroup section */
		BF4A486F285FA34F002D32DF /* TextFields */ = {
			isa = PBXGroup;
			children = (
				BF4A486D285F9F50002D32DF /* CustomTextField.swift */,
				BF4A4870285FA35F002D32DF /* EmailTextField.swift */,
				BF4A4872285FA7D6002D32DF /* CustomSecuredField.swift */,
				BF4A4874285FA945002D32DF /* PasswordSecureField.swift */,
			);
			path = TextFields;
			sourceTree = "<group>";
		};
		BF6BA946285F92E900ECA2BD = {
			isa = PBXGroup;
			children = (
				BF6BA951285F92E900ECA2BD /* AllDone */,
				BF6BA950285F92E900ECA2BD /* Products */,
			);
			sourceTree = "<group>";
		};
		BF6BA950285F92E900ECA2BD /* Products */ = {
			isa = PBXGroup;
			children = (
				BF6BA94F285F92E900ECA2BD /* AllDone.app */,
			);
			name = Products;
			sourceTree = "<group>";
		};
		BF6BA951285F92E900ECA2BD /* AllDone */ = {
			isa = PBXGroup;
			children = (
				BF6BA962285F978A00ECA2BD /* Model */,
				BF6BA960285F977C00ECA2BD /* View */,
				BF6BA961285F978200ECA2BD /* ViewModel */,
				BF6BA952285F92E900ECA2BD /* AllDoneApp.swift */,
				BF6BA954285F92E900ECA2BD /* ContentView.swift */,
				BF6BA956285F92EA00ECA2BD /* Assets.xcassets */,
				BF6BA958285F92EA00ECA2BD /* Preview Content */,
			);
			path = AllDone;
			sourceTree = "<group>";
		};
		BF6BA958285F92EA00ECA2BD /* Preview Content */ = {
			isa = PBXGroup;
			children = (
				BF6BA959285F92EA00ECA2BD /* Preview Assets.xcassets */,
			);
			path = "Preview Content";
			sourceTree = "<group>";
		};
		BF6BA960285F977C00ECA2BD /* View */ = {
			isa = PBXGroup;
			children = (
				BF6BA966285F990A00ECA2BD /* Authentication */,
				BF6BA965285F98E400ECA2BD /* Utils */,
			);
			path = View;
			sourceTree = "<group>";
		};
		BF6BA961285F978200ECA2BD /* ViewModel */ = {
			isa = PBXGroup;
			children = (
			);
			path = ViewModel;
			sourceTree = "<group>";
		};
		BF6BA962285F978A00ECA2BD /* Model */ = {
			isa = PBXGroup;
			children = (
			);
			path = Model;
			sourceTree = "<group>";
		};
		BF6BA965285F98E400ECA2BD /* Utils */ = {
			isa = PBXGroup;
			children = (
				BF4A486F285FA34F002D32DF /* TextFields */,
				BF6BA969285F9A1500ECA2BD /* BackgroudGradientView.swift */,
				BF6BA96B285F9C8200ECA2BD /* LogoView.swift */,
			);
			path = Utils;
			sourceTree = "<group>";
		};
		BF6BA966285F990A00ECA2BD /* Authentication */ = {
			isa = PBXGroup;
			children = (
				BF6BA963285F988300ECA2BD /* LoginView.swift */,
				BF6BA967285F992E00ECA2BD /* SignupView.swift */,
			);
			path = Authentication;
			sourceTree = "<group>";
		};
/* End PBXGroup section */

/* Begin PBXNativeTarget section */
		BF6BA94E285F92E900ECA2BD /* AllDone */ = {
			isa = PBXNativeTarget;
			buildConfigurationList = BF6BA95D285F92EA00ECA2BD /* Build configuration list for PBXNativeTarget "AllDone" */;
			buildPhases = (
				BF6BA94B285F92E900ECA2BD /* Sources */,
				BF6BA94C285F92E900ECA2BD /* Frameworks */,
				BF6BA94D285F92E900ECA2BD /* Resources */,
			);
			buildRules = (
			);
			dependencies = (
			);
			name = AllDone;
			productName = AllDone;
			productReference = BF6BA94F285F92E900ECA2BD /* AllDone.app */;
			productType = "com.apple.product-type.application";
		};
/* End PBXNativeTarget section */

/* Begin PBXProject section */
		BF6BA947285F92E900ECA2BD /* Project object */ = {
			isa = PBXProject;
			attributes = {
				BuildIndependentTargetsInParallel = 1;
				LastSwiftUpdateCheck = 1330;
				LastUpgradeCheck = 1330;
				TargetAttributes = {
					BF6BA94E285F92E900ECA2BD = {
						CreatedOnToolsVersion = 13.3;
					};
				};
			};
			buildConfigurationList = BF6BA94A285F92E900ECA2BD /* Build configuration list for PBXProject "AllDone" */;
			compatibilityVersion = "Xcode 13.0";
			developmentRegion = en;
			hasScannedForEncodings = 0;
			knownRegions = (
				en,
				Base,
			);
			mainGroup = BF6BA946285F92E900ECA2BD;
			productRefGroup = BF6BA950285F92E900ECA2BD /* Products */;
			projectDirPath = "";
			projectRoot = "";
			targets = (
				BF6BA94E285F92E900ECA2BD /* AllDone */,
			);
		};
/* End PBXProject section */

/* Begin PBXResourcesBuildPhase section */
		BF6BA94D285F92E900ECA2BD /* Resources */ = {
			isa = PBXResourcesBuildPhase;
			buildActionMask = 2147483647;
			files = (
				BF6BA95A285F92EA00ECA2BD /* Preview Assets.xcassets in Resources */,
				BF6BA957285F92EA00ECA2BD /* Assets.xcassets in Resources */,
			);
			runOnlyForDeploymentPostprocessing = 0;
		};
/* End PBXResourcesBuildPhase section */

/* Begin PBXSourcesBuildPhase section */
		BF6BA94B285F92E900ECA2BD /* Sources */ = {
			isa = PBXSourcesBuildPhase;
			buildActionMask = 2147483647;
			files = (
				BF4A4871285FA35F002D32DF /* EmailTextField.swift in Sources */,
				BF4A486E285F9F50002D32DF /* CustomTextField.swift in Sources */,
				BF4A4873285FA7D6002D32DF /* CustomSecuredField.swift in Sources */,
				BF6BA968285F992E00ECA2BD /* SignupView.swift in Sources */,
				BF4A4875285FA945002D32DF /* PasswordSecureField.swift in Sources */,
				BF6BA96C285F9C8200ECA2BD /* LogoView.swift in Sources */,
				BF6BA964285F988300ECA2BD /* LoginView.swift in Sources */,
				BF6BA96A285F9A1500ECA2BD /* BackgroudGradientView.swift in Sources */,
				BF6BA955285F92E900ECA2BD /* ContentView.swift in Sources */,
				BF6BA953285F92E900ECA2BD /* AllDoneApp.swift in Sources */,
			);
			runOnlyForDeploymentPostprocessing = 0;
		};
/* End PBXSourcesBuildPhase section */

/* Begin XCBuildConfiguration section */
		BF6BA95B285F92EA00ECA2BD /* Debug */ = {
			isa = XCBuildConfiguration;
			buildSettings = {
				ALWAYS_SEARCH_USER_PATHS = NO;
				CLANG_ANALYZER_NONNULL = YES;
				CLANG_ANALYZER_NUMBER_OBJECT_CONVERSION = YES_AGGRESSIVE;
				CLANG_CXX_LANGUAGE_STANDARD = "gnu++17";
				CLANG_ENABLE_MODULES = YES;
				CLANG_ENABLE_OBJC_ARC = YES;
				CLANG_ENABLE_OBJC_WEAK = YES;
				CLANG_WARN_BLOCK_CAPTURE_AUTORELEASING = YES;
				CLANG_WARN_BOOL_CONVERSION = YES;
				CLANG_WARN_COMMA = YES;
				CLANG_WARN_CONSTANT_CONVERSION = YES;
				CLANG_WARN_DEPRECATED_OBJC_IMPLEMENTATIONS = YES;
				CLANG_WARN_DIRECT_OBJC_ISA_USAGE = YES_ERROR;
				CLANG_WARN_DOCUMENTATION_COMMENTS = YES;
				CLANG_WARN_EMPTY_BODY = YES;
				CLANG_WARN_ENUM_CONVERSION = YES;
				CLANG_WARN_INFINITE_RECURSION = YES;
				CLANG_WARN_INT_CONVERSION = YES;
				CLANG_WARN_NON_LITERAL_NULL_CONVERSION = YES;
				CLANG_WARN_OBJC_IMPLICIT_RETAIN_SELF = YES;
				CLANG_WARN_OBJC_LITERAL_CONVERSION = YES;
				CLANG_WARN_OBJC_ROOT_CLASS = YES_ERROR;
				CLANG_WARN_QUOTED_INCLUDE_IN_FRAMEWORK_HEADER = YES;
				CLANG_WARN_RANGE_LOOP_ANALYSIS = YES;
				CLANG_WARN_STRICT_PROTOTYPES = YES;
				CLANG_WARN_SUSPICIOUS_MOVE = YES;
				CLANG_WARN_UNGUARDED_AVAILABILITY = YES_AGGRESSIVE;
				CLANG_WARN_UNREACHABLE_CODE = YES;
				CLANG_WARN__DUPLICATE_METHOD_MATCH = YES;
				COPY_PHASE_STRIP = NO;
				DEBUG_INFORMATION_FORMAT = dwarf;
				ENABLE_STRICT_OBJC_MSGSEND = YES;
				ENABLE_TESTABILITY = YES;
				GCC_C_LANGUAGE_STANDARD = gnu11;
				GCC_DYNAMIC_NO_PIC = NO;
				GCC_NO_COMMON_BLOCKS = YES;
				GCC_OPTIMIZATION_LEVEL = 0;
				GCC_PREPROCESSOR_DEFINITIONS = (
					"DEBUG=1",
					"$(inherited)",
				);
				GCC_WARN_64_TO_32_BIT_CONVERSION = YES;
				GCC_WARN_ABOUT_RETURN_TYPE = YES_ERROR;
				GCC_WARN_UNDECLARED_SELECTOR = YES;
				GCC_WARN_UNINITIALIZED_AUTOS = YES_AGGRESSIVE;
				GCC_WARN_UNUSED_FUNCTION = YES;
				GCC_WARN_UNUSED_VARIABLE = YES;
				IPHONEOS_DEPLOYMENT_TARGET = 15.4;
				MTL_ENABLE_DEBUG_INFO = INCLUDE_SOURCE;
				MTL_FAST_MATH = YES;
				ONLY_ACTIVE_ARCH = YES;
				SDKROOT = iphoneos;
				SWIFT_ACTIVE_COMPILATION_CONDITIONS = DEBUG;
				SWIFT_OPTIMIZATION_LEVEL = "-Onone";
			};
			name = Debug;
		};
		BF6BA95C285F92EA00ECA2BD /* Release */ = {
			isa = XCBuildConfiguration;
			buildSettings = {
				ALWAYS_SEARCH_USER_PATHS = NO;
				CLANG_ANALYZER_NONNULL = YES;
				CLANG_ANALYZER_NUMBER_OBJECT_CONVERSION = YES_AGGRESSIVE;
				CLANG_CXX_LANGUAGE_STANDARD = "gnu++17";
				CLANG_ENABLE_MODULES = YES;
				CLANG_ENABLE_OBJC_ARC = YES;
				CLANG_ENABLE_OBJC_WEAK = YES;
				CLANG_WARN_BLOCK_CAPTURE_AUTORELEASING = YES;
				CLANG_WARN_BOOL_CONVERSION = YES;
				CLANG_WARN_COMMA = YES;
				CLANG_WARN_CONSTANT_CONVERSION = YES;
				CLANG_WARN_DEPRECATED_OBJC_IMPLEMENTATIONS = YES;
				CLANG_WARN_DIRECT_OBJC_ISA_USAGE = YES_ERROR;
				CLANG_WARN_DOCUMENTATION_COMMENTS = YES;
				CLANG_WARN_EMPTY_BODY = YES;
				CLANG_WARN_ENUM_CONVERSION = YES;
				CLANG_WARN_INFINITE_RECURSION = YES;
				CLANG_WARN_INT_CONVERSION = YES;
				CLANG_WARN_NON_LITERAL_NULL_CONVERSION = YES;
				CLANG_WARN_OBJC_IMPLICIT_RETAIN_SELF = YES;
				CLANG_WARN_OBJC_LITERAL_CONVERSION = YES;
				CLANG_WARN_OBJC_ROOT_CLASS = YES_ERROR;
				CLANG_WARN_QUOTED_INCLUDE_IN_FRAMEWORK_HEADER = YES;
				CLANG_WARN_RANGE_LOOP_ANALYSIS = YES;
				CLANG_WARN_STRICT_PROTOTYPES = YES;
				CLANG_WARN_SUSPICIOUS_MOVE = YES;
				CLANG_WARN_UNGUARDED_AVAILABILITY = YES_AGGRESSIVE;
				CLANG_WARN_UNREACHABLE_CODE = YES;
				CLANG_WARN__DUPLICATE_METHOD_MATCH = YES;
				COPY_PHASE_STRIP = NO;
				DEBUG_INFORMATION_FORMAT = "dwarf-with-dsym";
				ENABLE_NS_ASSERTIONS = NO;
				ENABLE_STRICT_OBJC_MSGSEND = YES;
				GCC_C_LANGUAGE_STANDARD = gnu11;
				GCC_NO_COMMON_BLOCKS = YES;
				GCC_WARN_64_TO_32_BIT_CONVERSION = YES;
				GCC_WARN_ABOUT_RETURN_TYPE = YES_ERROR;
				GCC_WARN_UNDECLARED_SELECTOR = YES;
				GCC_WARN_UNINITIALIZED_AUTOS = YES_AGGRESSIVE;
				GCC_WARN_UNUSED_FUNCTION = YES;
				GCC_WARN_UNUSED_VARIABLE = YES;
				IPHONEOS_DEPLOYMENT_TARGET = 15.4;
				MTL_ENABLE_DEBUG_INFO = NO;
				MTL_FAST_MATH = YES;
				SDKROOT = iphoneos;
				SWIFT_COMPILATION_MODE = wholemodule;
				SWIFT_OPTIMIZATION_LEVEL = "-O";
				VALIDATE_PRODUCT = YES;
			};
			name = Release;
		};
		BF6BA95E285F92EA00ECA2BD /* Debug */ = {
			isa = XCBuildConfiguration;
			buildSettings = {
				ASSETCATALOG_COMPILER_APPICON_NAME = AppIcon;
				ASSETCATALOG_COMPILER_GLOBAL_ACCENT_COLOR_NAME = AccentColor;
				CODE_SIGN_STYLE = Automatic;
				CURRENT_PROJECT_VERSION = 1;
				DEVELOPMENT_ASSET_PATHS = "\"AllDone/Preview Content\"";
				ENABLE_PREVIEWS = YES;
				GENERATE_INFOPLIST_FILE = YES;
				INFOPLIST_KEY_UIApplicationSceneManifest_Generation = YES;
				INFOPLIST_KEY_UIApplicationSupportsIndirectInputEvents = YES;
				INFOPLIST_KEY_UILaunchScreen_Generation = YES;
				INFOPLIST_KEY_UISupportedInterfaceOrientations = UIInterfaceOrientationPortrait;
				INFOPLIST_KEY_UISupportedInterfaceOrientations_iPad = "UIInterfaceOrientationPortrait UIInterfaceOrientationPortraitUpsideDown UIInterfaceOrientationLandscapeLeft UIInterfaceOrientationLandscapeRight";
				INFOPLIST_KEY_UISupportedInterfaceOrientations_iPhone = "UIInterfaceOrientationPortrait UIInterfaceOrientationLandscapeLeft UIInterfaceOrientationLandscapeRight";
				LD_RUNPATH_SEARCH_PATHS = (
					"$(inherited)",
					"@executable_path/Frameworks",
				);
				MARKETING_VERSION = 1.0;
				PRODUCT_BUNDLE_IDENTIFIER = com.voltican.AllDone;
				PRODUCT_NAME = "$(TARGET_NAME)";
				SWIFT_EMIT_LOC_STRINGS = YES;
				SWIFT_VERSION = 5.0;
				TARGETED_DEVICE_FAMILY = "1,2";
			};
			name = Debug;
		};
		BF6BA95F285F92EA00ECA2BD /* Release */ = {
			isa = XCBuildConfiguration;
			buildSettings = {
				ASSETCATALOG_COMPILER_APPICON_NAME = AppIcon;
				ASSETCATALOG_COMPILER_GLOBAL_ACCENT_COLOR_NAME = AccentColor;
				CODE_SIGN_STYLE = Automatic;
				CURRENT_PROJECT_VERSION = 1;
				DEVELOPMENT_ASSET_PATHS = "\"AllDone/Preview Content\"";
				ENABLE_PREVIEWS = YES;
				GENERATE_INFOPLIST_FILE = YES;
				INFOPLIST_KEY_UIApplicationSceneManifest_Generation = YES;
				INFOPLIST_KEY_UIApplicationSupportsIndirectInputEvents = YES;
				INFOPLIST_KEY_UILaunchScreen_Generation = YES;
				INFOPLIST_KEY_UISupportedInterfaceOrientations = UIInterfaceOrientationPortrait;
				INFOPLIST_KEY_UISupportedInterfaceOrientations_iPad = "UIInterfaceOrientationPortrait UIInterfaceOrientationPortraitUpsideDown UIInterfaceOrientationLandscapeLeft UIInterfaceOrientationLandscapeRight";
				INFOPLIST_KEY_UISupportedInterfaceOrientations_iPhone = "UIInterfaceOrientationPortrait UIInterfaceOrientationLandscapeLeft UIInterfaceOrientationLandscapeRight";
				LD_RUNPATH_SEARCH_PATHS = (
					"$(inherited)",
					"@executable_path/Frameworks",
				);
				MARKETING_VERSION = 1.0;
				PRODUCT_BUNDLE_IDENTIFIER = com.voltican.AllDone;
				PRODUCT_NAME = "$(TARGET_NAME)";
				SWIFT_EMIT_LOC_STRINGS = YES;
				SWIFT_VERSION = 5.0;
				TARGETED_DEVICE_FAMILY = "1,2";
			};
			name = Release;
		};
/* End XCBuildConfiguration section */

/* Begin XCConfigurationList section */
		BF6BA94A285F92E900ECA2BD /* Build configuration list for PBXProject "AllDone" */ = {
			isa = XCConfigurationList;
			buildConfigurations = (
				BF6BA95B285F92EA00ECA2BD /* Debug */,
				BF6BA95C285F92EA00ECA2BD /* Release */,
			);
			defaultConfigurationIsVisible = 0;
			defaultConfigurationName = Release;
		};
		BF6BA95D285F92EA00ECA2BD /* Build configuration list for PBXNativeTarget "AllDone" */ = {
			isa = XCConfigurationList;
			buildConfigurations = (
				BF6BA95E285F92EA00ECA2BD /* Debug */,
				BF6BA95F285F92EA00ECA2BD /* Release */,
			);
			defaultConfigurationIsVisible = 0;
			defaultConfigurationName = Release;
		};
/* End XCConfigurationList section */
	};
	rootObject = BF6BA947285F92E900ECA2BD /* Project object */;
}
